
Microsoft Visual Studio Solution File, Format Version 12.00
# Visual Studio Version 17
VisualStudioVersion = 17.11.35303.130
MinimumVisualStudioVersion = 10.0.40219.1
Project("{FAE04EC0-301F-11D3-BF4B-00C04F79EFBC}") = "QL_CuaHang", "QL_CuaHang\QL_CuaHang.csproj", "{7D358AB4-F43F-4C17-99FF-895422F04A8A}"
EndProject
Global
	GlobalSection(SolutionConfigurationPlatforms) = preSolution
		Debug|Any CPU = Debug|Any CPU
		Release|Any CPU = Release|Any CPU
	EndGlobalSection
	GlobalSection(ProjectConfigurationPlatforms) = postSolution
		{7D358AB4-F43F-4C17-99FF-895422F04A8A}.Debug|Any CPU.ActiveCfg = Debug|Any CPU
		{7D358AB4-F43F-4C17-99FF-895422F04A8A}.Debug|Any CPU.Build.0 = Debug|Any CPU
		{7D358AB4-F43F-4C17-99FF-895422F04A8A}.Release|Any CPU.ActiveCfg = Release|Any CPU
		{7D358AB4-F43F-4C17-99FF-895422F04A8A}.Release|Any CPU.Build.0 = Release|Any CPU
	EndGlobalSection
	GlobalSection(SolutionProperties) = preSolution
		HideSolutionNode = FALSE
	EndGlobalSection
	GlobalSection(ExtensibilityGlobals) = postSolution
		SolutionGuid = {0085D301-1D50-4258-BC14-68BCA2C63FE5}
	EndGlobalSection
EndGlobal
